// !$*UTF8*$!
{
	archiveVersion = 1;
	classes = {
	};
	objectVersion = 56;
	objects = {

/* Begin PBXBuildFile section */
		614AA48629FA59F20027C980 /* Final_ProjectApp.swift in Sources */ = {isa = PBXBuildFile; fileRef = 614AA48529FA59F20027C980 /* Final_ProjectApp.swift */; };
		614AA48829FA59F20027C980 /* ContentView.swift in Sources */ = {isa = PBXBuildFile; fileRef = 614AA48729FA59F20027C980 /* ContentView.swift */; };
		614AA48A29FA59F30027C980 /* Assets.xcassets in Resources */ = {isa = PBXBuildFile; fileRef = 614AA48929FA59F30027C980 /* Assets.xcassets */; };
		614AA48D29FA59F30027C980 /* Preview Assets.xcassets in Resources */ = {isa = PBXBuildFile; fileRef = 614AA48C29FA59F30027C980 /* Preview Assets.xcassets */; };
		614AA49729FA59F30027C980 /* Final_ProjectTests.swift in Sources */ = {isa = PBXBuildFile; fileRef = 614AA49629FA59F30027C980 /* Final_ProjectTests.swift */; };
		614AA4A129FA59F30027C980 /* Final_ProjectUITests.swift in Sources */ = {isa = PBXBuildFile; fileRef = 614AA4A029FA59F30027C980 /* Final_ProjectUITests.swift */; };
		614AA4A329FA59F30027C980 /* Final_ProjectUITestsLaunchTests.swift in Sources */ = {isa = PBXBuildFile; fileRef = 614AA4A229FA59F30027C980 /* Final_ProjectUITestsLaunchTests.swift */; };
		614AA4B129FA5B2B0027C980 /* SwiftUIFontIcon in Frameworks */ = {isa = PBXBuildFile; productRef = 614AA4B029FA5B2B0027C980 /* SwiftUIFontIcon */; };
		614AA4B429FA5B800027C980 /* SwiftUICharts in Frameworks */ = {isa = PBXBuildFile; productRef = 614AA4B329FA5B800027C980 /* SwiftUICharts */; };
		614AA4B629FA5BB90027C980 /* ExpenseItem.swift in Sources */ = {isa = PBXBuildFile; fileRef = 614AA4B529FA5BB90027C980 /* ExpenseItem.swift */; };
		614AA4B829FA5BE70027C980 /* Expenses.swift in Sources */ = {isa = PBXBuildFile; fileRef = 614AA4B729FA5BE70027C980 /* Expenses.swift */; };
		614AA4BA29FA5C180027C980 /* AddView.swift in Sources */ = {isa = PBXBuildFile; fileRef = 614AA4B929FA5C180027C980 /* AddView.swift */; };
/* End PBXBuildFile section */

/* Begin PBXContainerItemProxy section */
		614AA49329FA59F30027C980 /* PBXContainerItemProxy */ = {
			isa = PBXContainerItemProxy;
			containerPortal = 614AA47A29FA59F20027C980 /* Project object */;
			proxyType = 1;
			remoteGlobalIDString = 614AA48129FA59F20027C980;
			remoteInfo = Final_Project;
		};
		614AA49D29FA59F30027C980 /* PBXContainerItemProxy */ = {
			isa = PBXContainerItemProxy;
			containerPortal = 614AA47A29FA59F20027C980 /* Project object */;
			proxyType = 1;
			remoteGlobalIDString = 614AA48129FA59F20027C980;
			remoteInfo = Final_Project;
		};
/* End PBXContainerItemProxy section */

/* Begin PBXFileReference section */
		614AA48229FA59F20027C980 /* Final_Project.app */ = {isa = PBXFileReference; explicitFileType = wrapper.application; includeInIndex = 0; path = Final_Project.app; sourceTree = BUILT_PRODUCTS_DIR; };
		614AA48529FA59F20027C980 /* Final_ProjectApp.swift */ = {isa = PBXFileReference; lastKnownFileType = sourcecode.swift; path = Final_ProjectApp.swift; sourceTree = "<group>"; };
		614AA48729FA59F20027C980 /* ContentView.swift */ = {isa = PBXFileReference; lastKnownFileType = sourcecode.swift; path = ContentView.swift; sourceTree = "<group>"; };
		614AA48929FA59F30027C980 /* Assets.xcassets */ = {isa = PBXFileReference; lastKnownFileType = folder.assetcatalog; path = Assets.xcassets; sourceTree = "<group>"; };
		614AA48C29FA59F30027C980 /* Preview Assets.xcassets */ = {isa = PBXFileReference; lastKnownFileType = folder.assetcatalog; path = "Preview Assets.xcassets"; sourceTree = "<group>"; };
		614AA49229FA59F30027C980 /* Final_ProjectTests.xctest */ = {isa = PBXFileReference; explicitFileType = wrapper.cfbundle; includeInIndex = 0; path = Final_ProjectTests.xctest; sourceTree = BUILT_PRODUCTS_DIR; };
		614AA49629FA59F30027C980 /* Final_ProjectTests.swift */ = {isa = PBXFileReference; lastKnownFileType = sourcecode.swift; path = Final_ProjectTests.swift; sourceTree = "<group>"; };
		614AA49C29FA59F30027C980 /* Final_ProjectUITests.xctest */ = {isa = PBXFileReference; explicitFileType = wrapper.cfbundle; includeInIndex = 0; path = Final_ProjectUITests.xctest; sourceTree = BUILT_PRODUCTS_DIR; };
		614AA4A029FA59F30027C980 /* Final_ProjectUITests.swift */ = {isa = PBXFileReference; lastKnownFileType = sourcecode.swift; path = Final_ProjectUITests.swift; sourceTree = "<group>"; };
		614AA4A229FA59F30027C980 /* Final_ProjectUITestsLaunchTests.swift */ = {isa = PBXFileReference; lastKnownFileType = sourcecode.swift; path = Final_ProjectUITestsLaunchTests.swift; sourceTree = "<group>"; };
		614AA4B529FA5BB90027C980 /* ExpenseItem.swift */ = {isa = PBXFileReference; lastKnownFileType = sourcecode.swift; path = ExpenseItem.swift; sourceTree = "<group>"; };
		614AA4B729FA5BE70027C980 /* Expenses.swift */ = {isa = PBXFileReference; lastKnownFileType = sourcecode.swift; path = Expenses.swift; sourceTree = "<group>"; };
		614AA4B929FA5C180027C980 /* AddView.swift */ = {isa = PBXFileReference; lastKnownFileType = sourcecode.swift; path = AddView.swift; sourceTree = "<group>"; };
/* End PBXFileReference section */

/* Begin PBXFrameworksBuildPhase section */
		614AA47F29FA59F20027C980 /* Frameworks */ = {
			isa = PBXFrameworksBuildPhase;
			buildActionMask = 2147483647;
			files = (
				614AA4B129FA5B2B0027C980 /* SwiftUIFontIcon in Frameworks */,
				614AA4B429FA5B800027C980 /* SwiftUICharts in Frameworks */,
			);
			runOnlyForDeploymentPostprocessing = 0;
		};
		614AA48F29FA59F30027C980 /* Frameworks */ = {
			isa = PBXFrameworksBuildPhase;
			buildActionMask = 2147483647;
			files = (
			);
			runOnlyForDeploymentPostprocessing = 0;
		};
		614AA49929FA59F30027C980 /* Frameworks */ = {
			isa = PBXFrameworksBuildPhase;
			buildActionMask = 2147483647;
			files = (
			);
			runOnlyForDeploymentPostprocessing = 0;
		};
/* End PBXFrameworksBuildPhase section */

/* Begin PBXGroup section */
		614AA47929FA59F20027C980 = {
			isa = PBXGroup;
			children = (
				614AA4B929FA5C180027C980 /* AddView.swift */,
				614AA48429FA59F20027C980 /* Final_Project */,
				614AA49529FA59F30027C980 /* Final_ProjectTests */,
				614AA49F29FA59F30027C980 /* Final_ProjectUITests */,
				614AA48329FA59F20027C980 /* Products */,
			);
			sourceTree = "<group>";
		};
		614AA48329FA59F20027C980 /* Products */ = {
			isa = PBXGroup;
			children = (
				614AA48229FA59F20027C980 /* Final_Project.app */,
				614AA49229FA59F30027C980 /* Final_ProjectTests.xctest */,
				614AA49C29FA59F30027C980 /* Final_ProjectUITests.xctest */,
			);
			name = Products;
			sourceTree = "<group>";
		};
		614AA48429FA59F20027C980 /* Final_Project */ = {
			isa = PBXGroup;
			children = (
				614AA48529FA59F20027C980 /* Final_ProjectApp.swift */,
				614AA48729FA59F20027C980 /* ContentView.swift */,
				614AA4B529FA5BB90027C980 /* ExpenseItem.swift */,
				614AA4B729FA5BE70027C980 /* Expenses.swift */,
				614AA48929FA59F30027C980 /* Assets.xcassets */,
				614AA48B29FA59F30027C980 /* Preview Content */,
			);
			path = Final_Project;
			sourceTree = "<group>";
		};
		614AA48B29FA59F30027C980 /* Preview Content */ = {
			isa = PBXGroup;
			children = (
				614AA48C29FA59F30027C980 /* Preview Assets.xcassets */,
			);
			path = "Preview Content";
			sourceTree = "<group>";
		};
		614AA49529FA59F30027C980 /* Final_ProjectTests */ = {
			isa = PBXGroup;
			children = (
				614AA49629FA59F30027C980 /* Final_ProjectTests.swift */,
			);
			path = Final_ProjectTests;
			sourceTree = "<group>";
		};
		614AA49F29FA59F30027C980 /* Final_ProjectUITests */ = {
			isa = PBXGroup;
			children = (
				614AA4A029FA59F30027C980 /* Final_ProjectUITests.swift */,
				614AA4A229FA59F30027C980 /* Final_ProjectUITestsLaunchTests.swift */,
			);
			path = Final_ProjectUITests;
			sourceTree = "<group>";
		};
/* End PBXGroup section */

/* Begin PBXNativeTarget section */
		614AA48129FA59F20027C980 /* Final_Project */ = {
			isa = PBXNativeTarget;
			buildConfigurationList = 614AA4A629FA59F30027C980 /* Build configuration list for PBXNativeTarget "Final_Project" */;
			buildPhases = (
				614AA47E29FA59F20027C980 /* Sources */,
				614AA47F29FA59F20027C980 /* Frameworks */,
				614AA48029FA59F20027C980 /* Resources */,
			);
			buildRules = (
			);
			dependencies = (
			);
			name = Final_Project;
			packageProductDependencies = (
				614AA4B029FA5B2B0027C980 /* SwiftUIFontIcon */,
				614AA4B329FA5B800027C980 /* SwiftUICharts */,
			);
			productName = Final_Project;
			productReference = 614AA48229FA59F20027C980 /* Final_Project.app */;
			productType = "com.apple.product-type.application";
		};
		614AA49129FA59F30027C980 /* Final_ProjectTests */ = {
			isa = PBXNativeTarget;
			buildConfigurationList = 614AA4A929FA59F30027C980 /* Build configuration list for PBXNativeTarget "Final_ProjectTests" */;
			buildPhases = (
				614AA48E29FA59F30027C980 /* Sources */,
				614AA48F29FA59F30027C980 /* Frameworks */,
				614AA49029FA59F30027C980 /* Resources */,
			);
			buildRules = (
			);
			dependencies = (
				614AA49429FA59F30027C980 /* PBXTargetDependency */,
			);
			name = Final_ProjectTests;
			productName = Final_ProjectTests;
			productReference = 614AA49229FA59F30027C980 /* Final_ProjectTests.xctest */;
			productType = "com.apple.product-type.bundle.unit-test";
		};
		614AA49B29FA59F30027C980 /* Final_ProjectUITests */ = {
			isa = PBXNativeTarget;
			buildConfigurationList = 614AA4AC29FA59F30027C980 /* Build configuration list for PBXNativeTarget "Final_ProjectUITests" */;
			buildPhases = (
				614AA49829FA59F30027C980 /* Sources */,
				614AA49929FA59F30027C980 /* Frameworks */,
				614AA49A29FA59F30027C980 /* Resources */,
			);
			buildRules = (
			);
			dependencies = (
				614AA49E29FA59F30027C980 /* PBXTargetDependency */,
			);
			name = Final_ProjectUITests;
			productName = Final_ProjectUITests;
			productReference = 614AA49C29FA59F30027C980 /* Final_ProjectUITests.xctest */;
			productType = "com.apple.product-type.bundle.ui-testing";
		};
/* End PBXNativeTarget section */

/* Begin PBXProject section */
		614AA47A29FA59F20027C980 /* Project object */ = {
			isa = PBXProject;
			attributes = {
				BuildIndependentTargetsInParallel = 1;
				LastSwiftUpdateCheck = 1430;
				LastUpgradeCheck = 1430;
				TargetAttributes = {
					614AA48129FA59F20027C980 = {
						CreatedOnToolsVersion = 14.3;
					};
					614AA49129FA59F30027C980 = {
						CreatedOnToolsVersion = 14.3;
						TestTargetID = 614AA48129FA59F20027C980;
					};
					614AA49B29FA59F30027C980 = {
						CreatedOnToolsVersion = 14.3;
						TestTargetID = 614AA48129FA59F20027C980;
					};
				};
			};
			buildConfigurationList = 614AA47D29FA59F20027C980 /* Build configuration list for PBXProject "Final_Project" */;
			compatibilityVersion = "Xcode 14.0";
			developmentRegion = en;
			hasScannedForEncodings = 0;
			knownRegions = (
				en,
				Base,
			);
			mainGroup = 614AA47929FA59F20027C980;
			packageReferences = (
				614AA4AF29FA5B2B0027C980 /* XCRemoteSwiftPackageReference "SwiftUIFontIcon" */,
				614AA4B229FA5B800027C980 /* XCRemoteSwiftPackageReference "ChartView" */,
			);
			productRefGroup = 614AA48329FA59F20027C980 /* Products */;
			projectDirPath = "";
			projectRoot = "";
			targets = (
				614AA48129FA59F20027C980 /* Final_Project */,
				614AA49129FA59F30027C980 /* Final_ProjectTests */,
				614AA49B29FA59F30027C980 /* Final_ProjectUITests */,
			);
		};
/* End PBXProject section */

/* Begin PBXResourcesBuildPhase section */
		614AA48029FA59F20027C980 /* Resources */ = {
			isa = PBXResourcesBuildPhase;
			buildActionMask = 2147483647;
			files = (
				614AA48D29FA59F30027C980 /* Preview Assets.xcassets in Resources */,
				614AA48A29FA59F30027C980 /* Assets.xcassets in Resources */,
			);
			runOnlyForDeploymentPostprocessing = 0;
		};
		614AA49029FA59F30027C980 /* Resources */ = {
			isa = PBXResourcesBuildPhase;
			buildActionMask = 2147483647;
			files = (
			);
			runOnlyForDeploymentPostprocessing = 0;
		};
		614AA49A29FA59F30027C980 /* Resources */ = {
			isa = PBXResourcesBuildPhase;
			buildActionMask = 2147483647;
			files = (
			);
			runOnlyForDeploymentPostprocessing = 0;
		};
/* End PBXResourcesBuildPhase section */

/* Begin PBXSourcesBuildPhase section */
		614AA47E29FA59F20027C980 /* Sources */ = {
			isa = PBXSourcesBuildPhase;
			buildActionMask = 2147483647;
			files = (
				614AA4B829FA5BE70027C980 /* Expenses.swift in Sources */,
				614AA48829FA59F20027C980 /* ContentView.swift in Sources */,
				614AA4BA29FA5C180027C980 /* AddView.swift in Sources */,
				614AA4B629FA5BB90027C980 /* ExpenseItem.swift in Sources */,
				614AA48629FA59F20027C980 /* Final_ProjectApp.swift in Sources */,
			);
			runOnlyForDeploymentPostprocessing = 0;
		};
		614AA48E29FA59F30027C980 /* Sources */ = {
			isa = PBXSourcesBuildPhase;
			buildActionMask = 2147483647;
			files = (
				614AA49729FA59F30027C980 /* Final_ProjectTests.swift in Sources */,
			);
			runOnlyForDeploymentPostprocessing = 0;
		};
		614AA49829FA59F30027C980 /* Sources */ = {
			isa = PBXSourcesBuildPhase;
			buildActionMask = 2147483647;
			files = (
				614AA4A129FA59F30027C980 /* Final_ProjectUITests.swift in Sources */,
				614AA4A329FA59F30027C980 /* Final_ProjectUITestsLaunchTests.swift in Sources */,
			);
			runOnlyForDeploymentPostprocessing = 0;
		};
/* End PBXSourcesBuildPhase section */

/* Begin PBXTargetDependency section */
		614AA49429FA59F30027C980 /* PBXTargetDependency */ = {
			isa = PBXTargetDependency;
			target = 614AA48129FA59F20027C980 /* Final_Project */;
			targetProxy = 614AA49329FA59F30027C980 /* PBXContainerItemProxy */;
		};
		614AA49E29FA59F30027C980 /* PBXTargetDependency */ = {
			isa = PBXTargetDependency;
			target = 614AA48129FA59F20027C980 /* Final_Project */;
			targetProxy = 614AA49D29FA59F30027C980 /* PBXContainerItemProxy */;
		};
/* End PBXTargetDependency section */

/* Begin XCBuildConfiguration section */
		614AA4A429FA59F30027C980 /* Debug */ = {
			isa = XCBuildConfiguration;
			buildSettings = {
				ALWAYS_SEARCH_USER_PATHS = NO;
				CLANG_ANALYZER_NONNULL = YES;
				CLANG_ANALYZER_NUMBER_OBJECT_CONVERSION = YES_AGGRESSIVE;
				CLANG_CXX_LANGUAGE_STANDARD = "gnu++20";
				CLANG_ENABLE_MODULES = YES;
				CLANG_ENABLE_OBJC_ARC = YES;
				CLANG_ENABLE_OBJC_WEAK = YES;
				CLANG_WARN_BLOCK_CAPTURE_AUTORELEASING = YES;
				CLANG_WARN_BOOL_CONVERSION = YES;
				CLANG_WARN_COMMA = YES;
				CLANG_WARN_CONSTANT_CONVERSION = YES;
				CLANG_WARN_DEPRECATED_OBJC_IMPLEMENTATIONS = YES;
				CLANG_WARN_DIRECT_OBJC_ISA_USAGE = YES_ERROR;
				CLANG_WARN_DOCUMENTATION_COMMENTS = YES;
				CLANG_WARN_EMPTY_BODY = YES;
				CLANG_WARN_ENUM_CONVERSION = YES;
				CLANG_WARN_INFINITE_RECURSION = YES;
				CLANG_WARN_INT_CONVERSION = YES;
				CLANG_WARN_NON_LITERAL_NULL_CONVERSION = YES;
				CLANG_WARN_OBJC_IMPLICIT_RETAIN_SELF = YES;
				CLANG_WARN_OBJC_LITERAL_CONVERSION = YES;
				CLANG_WARN_OBJC_ROOT_CLASS = YES_ERROR;
				CLANG_WARN_QUOTED_INCLUDE_IN_FRAMEWORK_HEADER = YES;
				CLANG_WARN_RANGE_LOOP_ANALYSIS = YES;
				CLANG_WARN_STRICT_PROTOTYPES = YES;
				CLANG_WARN_SUSPICIOUS_MOVE = YES;
				CLANG_WARN_UNGUARDED_AVAILABILITY = YES_AGGRESSIVE;
				CLANG_WARN_UNREACHABLE_CODE = YES;
				CLANG_WARN__DUPLICATE_METHOD_MATCH = YES;
				COPY_PHASE_STRIP = NO;
				DEBUG_INFORMATION_FORMAT = dwarf;
				ENABLE_STRICT_OBJC_MSGSEND = YES;
				ENABLE_TESTABILITY = YES;
				GCC_C_LANGUAGE_STANDARD = gnu11;
				GCC_DYNAMIC_NO_PIC = NO;
				GCC_NO_COMMON_BLOCKS = YES;
				GCC_OPTIMIZATION_LEVEL = 0;
				GCC_PREPROCESSOR_DEFINITIONS = (
					"DEBUG=1",
					"$(inherited)",
				);
				GCC_WARN_64_TO_32_BIT_CONVERSION = YES;
				GCC_WARN_ABOUT_RETURN_TYPE = YES_ERROR;
				GCC_WARN_UNDECLARED_SELECTOR = YES;
				GCC_WARN_UNINITIALIZED_AUTOS = YES_AGGRESSIVE;
				GCC_WARN_UNUSED_FUNCTION = YES;
				GCC_WARN_UNUSED_VARIABLE = YES;
				IPHONEOS_DEPLOYMENT_TARGET = 16.4;
				MTL_ENABLE_DEBUG_INFO = INCLUDE_SOURCE;
				MTL_FAST_MATH = YES;
				ONLY_ACTIVE_ARCH = YES;
				SDKROOT = iphoneos;
				SWIFT_ACTIVE_COMPILATION_CONDITIONS = DEBUG;
				SWIFT_OPTIMIZATION_LEVEL = "-Onone";
			};
			name = Debug;
		};
		614AA4A529FA59F30027C980 /* Release */ = {
			isa = XCBuildConfiguration;
			buildSettings = {
				ALWAYS_SEARCH_USER_PATHS = NO;
				CLANG_ANALYZER_NONNULL = YES;
				CLANG_ANALYZER_NUMBER_OBJECT_CONVERSION = YES_AGGRESSIVE;
				CLANG_CXX_LANGUAGE_STANDARD = "gnu++20";
				CLANG_ENABLE_MODULES = YES;
				CLANG_ENABLE_OBJC_ARC = YES;
				CLANG_ENABLE_OBJC_WEAK = YES;
				CLANG_WARN_BLOCK_CAPTURE_AUTORELEASING = YES;
				CLANG_WARN_BOOL_CONVERSION = YES;
				CLANG_WARN_COMMA = YES;
				CLANG_WARN_CONSTANT_CONVERSION = YES;
				CLANG_WARN_DEPRECATED_OBJC_IMPLEMENTATIONS = YES;
				CLANG_WARN_DIRECT_OBJC_ISA_USAGE = YES_ERROR;
				CLANG_WARN_DOCUMENTATION_COMMENTS = YES;
				CLANG_WARN_EMPTY_BODY = YES;
				CLANG_WARN_ENUM_CONVERSION = YES;
				CLANG_WARN_INFINITE_RECURSION = YES;
				CLANG_WARN_INT_CONVERSION = YES;
				CLANG_WARN_NON_LITERAL_NULL_CONVERSION = YES;
				CLANG_WARN_OBJC_IMPLICIT_RETAIN_SELF = YES;
				CLANG_WARN_OBJC_LITERAL_CONVERSION = YES;
				CLANG_WARN_OBJC_ROOT_CLASS = YES_ERROR;
				CLANG_WARN_QUOTED_INCLUDE_IN_FRAMEWORK_HEADER = YES;
				CLANG_WARN_RANGE_LOOP_ANALYSIS = YES;
				CLANG_WARN_STRICT_PROTOTYPES = YES;
				CLANG_WARN_SUSPICIOUS_MOVE = YES;
				CLANG_WARN_UNGUARDED_AVAILABILITY = YES_AGGRESSIVE;
				CLANG_WARN_UNREACHABLE_CODE = YES;
				CLANG_WARN__DUPLICATE_METHOD_MATCH = YES;
				COPY_PHASE_STRIP = NO;
				DEBUG_INFORMATION_FORMAT = "dwarf-with-dsym";
				ENABLE_NS_ASSERTIONS = NO;
				ENABLE_STRICT_OBJC_MSGSEND = YES;
				GCC_C_LANGUAGE_STANDARD = gnu11;
				GCC_NO_COMMON_BLOCKS = YES;
				GCC_WARN_64_TO_32_BIT_CONVERSION = YES;
				GCC_WARN_ABOUT_RETURN_TYPE = YES_ERROR;
				GCC_WARN_UNDECLARED_SELECTOR = YES;
				GCC_WARN_UNINITIALIZED_AUTOS = YES_AGGRESSIVE;
				GCC_WARN_UNUSED_FUNCTION = YES;
				GCC_WARN_UNUSED_VARIABLE = YES;
				IPHONEOS_DEPLOYMENT_TARGET = 16.4;
				MTL_ENABLE_DEBUG_INFO = NO;
				MTL_FAST_MATH = YES;
				SDKROOT = iphoneos;
				SWIFT_COMPILATION_MODE = wholemodule;
				SWIFT_OPTIMIZATION_LEVEL = "-O";
				VALIDATE_PRODUCT = YES;
			};
			name = Release;
		};
		614AA4A729FA59F30027C980 /* Debug */ = {
			isa = XCBuildConfiguration;
			buildSettings = {
				ASSETCATALOG_COMPILER_APPICON_NAME = AppIcon;
				ASSETCATALOG_COMPILER_GLOBAL_ACCENT_COLOR_NAME = AccentColor;
				CODE_SIGN_STYLE = Automatic;
				CURRENT_PROJECT_VERSION = 1;
				DEVELOPMENT_ASSET_PATHS = "\"Final_Project/Preview Content\"";
				DEVELOPMENT_TEAM = QRUG8NKNY2;
				ENABLE_PREVIEWS = YES;
				GENERATE_INFOPLIST_FILE = YES;
				INFOPLIST_KEY_UIApplicationSceneManifest_Generation = YES;
				INFOPLIST_KEY_UIApplicationSupportsIndirectInputEvents = YES;
				INFOPLIST_KEY_UILaunchScreen_Generation = YES;
				INFOPLIST_KEY_UISupportedInterfaceOrientations_iPad = "UIInterfaceOrientationPortrait UIInterfaceOrientationPortraitUpsideDown UIInterfaceOrientationLandscapeLeft UIInterfaceOrientationLandscapeRight";
				INFOPLIST_KEY_UISupportedInterfaceOrientations_iPhone = "UIInterfaceOrientationPortrait UIInterfaceOrientationLandscapeLeft UIInterfaceOrientationLandscapeRight";
				LD_RUNPATH_SEARCH_PATHS = (
					"$(inherited)",
					"@executable_path/Frameworks",
				);
				MARKETING_VERSION = 1.0;
				PRODUCT_BUNDLE_IDENTIFIER = "jvald036.Final-Project";
				PRODUCT_NAME = "$(TARGET_NAME)";
				SWIFT_EMIT_LOC_STRINGS = YES;
				SWIFT_VERSION = 5.0;
				TARGETED_DEVICE_FAMILY = "1,2";
			};
			name = Debug;
		};
		614AA4A829FA59F30027C980 /* Release */ = {
			isa = XCBuildConfiguration;
			buildSettings = {
				ASSETCATALOG_COMPILER_APPICON_NAME = AppIcon;
				ASSETCATALOG_COMPILER_GLOBAL_ACCENT_COLOR_NAME = AccentColor;
				CODE_SIGN_STYLE = Automatic;
				CURRENT_PROJECT_VERSION = 1;
				DEVELOPMENT_ASSET_PATHS = "\"Final_Project/Preview Content\"";
				DEVELOPMENT_TEAM = QRUG8NKNY2;
				ENABLE_PREVIEWS = YES;
				GENERATE_INFOPLIST_FILE = YES;
				INFOPLIST_KEY_UIApplicationSceneManifest_Generation = YES;
				INFOPLIST_KEY_UIApplicationSupportsIndirectInputEvents = YES;
				INFOPLIST_KEY_UILaunchScreen_Generation = YES;
				INFOPLIST_KEY_UISupportedInterfaceOrientations_iPad = "UIInterfaceOrientationPortrait UIInterfaceOrientationPortraitUpsideDown UIInterfaceOrientationLandscapeLeft UIInterfaceOrientationLandscapeRight";
				INFOPLIST_KEY_UISupportedInterfaceOrientations_iPhone = "UIInterfaceOrientationPortrait UIInterfaceOrientationLandscapeLeft UIInterfaceOrientationLandscapeRight";
				LD_RUNPATH_SEARCH_PATHS = (
					"$(inherited)",
					"@executable_path/Frameworks",
				);
				MARKETING_VERSION = 1.0;
				PRODUCT_BUNDLE_IDENTIFIER = "jvald036.Final-Project";
				PRODUCT_NAME = "$(TARGET_NAME)";
				SWIFT_EMIT_LOC_STRINGS = YES;
				SWIFT_VERSION = 5.0;
				TARGETED_DEVICE_FAMILY = "1,2";
			};
			name = Release;
		};
		614AA4AA29FA59F30027C980 /* Debug */ = {
			isa = XCBuildConfiguration;
			buildSettings = {
				ALWAYS_EMBED_SWIFT_STANDARD_LIBRARIES = YES;
				BUNDLE_LOADER = "$(TEST_HOST)";
				CODE_SIGN_STYLE = Automatic;
				CURRENT_PROJECT_VERSION = 1;
				DEVELOPMENT_TEAM = QRUG8NKNY2;
				GENERATE_INFOPLIST_FILE = YES;
				IPHONEOS_DEPLOYMENT_TARGET = 16.4;
				MARKETING_VERSION = 1.0;
				PRODUCT_BUNDLE_IDENTIFIER = "jvald036.Final-ProjectTests";
				PRODUCT_NAME = "$(TARGET_NAME)";
				SWIFT_EMIT_LOC_STRINGS = NO;
				SWIFT_VERSION = 5.0;
				TARGETED_DEVICE_FAMILY = "1,2";
				TEST_HOST = "$(BUILT_PRODUCTS_DIR)/Final_Project.app/$(BUNDLE_EXECUTABLE_FOLDER_PATH)/Final_Project";
			};
			name = Debug;
		};
		614AA4AB29FA59F30027C980 /* Release */ = {
			isa = XCBuildConfiguration;
			buildSettings = {
				ALWAYS_EMBED_SWIFT_STANDARD_LIBRARIES = YES;
				BUNDLE_LOADER = "$(TEST_HOST)";
				CODE_SIGN_STYLE = Automatic;
				CURRENT_PROJECT_VERSION = 1;
				DEVELOPMENT_TEAM = QRUG8NKNY2;
				GENERATE_INFOPLIST_FILE = YES;
				IPHONEOS_DEPLOYMENT_TARGET = 16.4;
				MARKETING_VERSION = 1.0;
				PRODUCT_BUNDLE_IDENTIFIER = "jvald036.Final-ProjectTests";
				PRODUCT_NAME = "$(TARGET_NAME)";
				SWIFT_EMIT_LOC_STRINGS = NO;
				SWIFT_VERSION = 5.0;
				TARGETED_DEVICE_FAMILY = "1,2";
				TEST_HOST = "$(BUILT_PRODUCTS_DIR)/Final_Project.app/$(BUNDLE_EXECUTABLE_FOLDER_PATH)/Final_Project";
			};
			name = Release;
		};
		614AA4AD29FA59F30027C980 /* Debug */ = {
			isa = XCBuildConfiguration;
			buildSettings = {
				ALWAYS_EMBED_SWIFT_STANDARD_LIBRARIES = YES;
				CODE_SIGN_STYLE = Automatic;
				CURRENT_PROJECT_VERSION = 1;
				DEVELOPMENT_TEAM = QRUG8NKNY2;
				GENERATE_INFOPLIST_FILE = YES;
				MARKETING_VERSION = 1.0;
				PRODUCT_BUNDLE_IDENTIFIER = "jvald036.Final-ProjectUITests";
				PRODUCT_NAME = "$(TARGET_NAME)";
				SWIFT_EMIT_LOC_STRINGS = NO;
				SWIFT_VERSION = 5.0;
				TARGETED_DEVICE_FAMILY = "1,2";
				TEST_TARGET_NAME = Final_Project;
			};
			name = Debug;
		};
		614AA4AE29FA59F30027C980 /* Release */ = {
			isa = XCBuildConfiguration;
			buildSettings = {
				ALWAYS_EMBED_SWIFT_STANDARD_LIBRARIES = YES;
				CODE_SIGN_STYLE = Automatic;
				CURRENT_PROJECT_VERSION = 1;
				DEVELOPMENT_TEAM = QRUG8NKNY2;
				GENERATE_INFOPLIST_FILE = YES;
				MARKETING_VERSION = 1.0;
				PRODUCT_BUNDLE_IDENTIFIER = "jvald036.Final-ProjectUITests";
				PRODUCT_NAME = "$(TARGET_NAME)";
				SWIFT_EMIT_LOC_STRINGS = NO;
				SWIFT_VERSION = 5.0;
				TARGETED_DEVICE_FAMILY = "1,2";
				TEST_TARGET_NAME = Final_Project;
			};
			name = Release;
		};
/* End XCBuildConfiguration section */

/* Begin XCConfigurationList section */
		614AA47D29FA59F20027C980 /* Build configuration list for PBXProject "Final_Project" */ = {
			isa = XCConfigurationList;
			buildConfigurations = (
				614AA4A429FA59F30027C980 /* Debug */,
				614AA4A529FA59F30027C980 /* Release */,
			);
			defaultConfigurationIsVisible = 0;
			defaultConfigurationName = Release;
		};
		614AA4A629FA59F30027C980 /* Build configuration list for PBXNativeTarget "Final_Project" */ = {
			isa = XCConfigurationList;
			buildConfigurations = (
				614AA4A729FA59F30027C980 /* Debug */,
				614AA4A829FA59F30027C980 /* Release */,
			);
			defaultConfigurationIsVisible = 0;
			defaultConfigurationName = Release;
		};
		614AA4A929FA59F30027C980 /* Build configuration list for PBXNativeTarget "Final_ProjectTests" */ = {
			isa = XCConfigurationList;
			buildConfigurations = (
				614AA4AA29FA59F30027C980 /* Debug */,
				614AA4AB29FA59F30027C980 /* Release */,
			);
			defaultConfigurationIsVisible = 0;
			defaultConfigurationName = Release;
		};
		614AA4AC29FA59F30027C980 /* Build configuration list for PBXNativeTarget "Final_ProjectUITests" */ = {
			isa = XCConfigurationList;
			buildConfigurations = (
				614AA4AD29FA59F30027C980 /* Debug */,
				614AA4AE29FA59F30027C980 /* Release */,
			);
			defaultConfigurationIsVisible = 0;
			defaultConfigurationName = Release;
		};
/* End XCConfigurationList section */

/* Begin XCRemoteSwiftPackageReference section */
		614AA4AF29FA5B2B0027C980 /* XCRemoteSwiftPackageReference "SwiftUIFontIcon" */ = {
			isa = XCRemoteSwiftPackageReference;
			repositoryURL = "https://github.com/huybuidac/SwiftUIFontIcon";
			requirement = {
				kind = exactVersion;
				version = 2.1.0;
			};
		};
		614AA4B229FA5B800027C980 /* XCRemoteSwiftPackageReference "ChartView" */ = {
			isa = XCRemoteSwiftPackageReference;
			repositoryURL = "https://github.com/AppPear/ChartView";
			requirement = {
				kind = exactVersion;
				version = "2.0.0-beta.2";
			};
		};
/* End XCRemoteSwiftPackageReference section */

/* Begin XCSwiftPackageProductDependency section */
		614AA4B029FA5B2B0027C980 /* SwiftUIFontIcon */ = {
			isa = XCSwiftPackageProductDependency;
			package = 614AA4AF29FA5B2B0027C980 /* XCRemoteSwiftPackageReference "SwiftUIFontIcon" */;
			productName = SwiftUIFontIcon;
		};
		614AA4B329FA5B800027C980 /* SwiftUICharts */ = {
			isa = XCSwiftPackageProductDependency;
			package = 614AA4B229FA5B800027C980 /* XCRemoteSwiftPackageReference "ChartView" */;
			productName = SwiftUICharts;
		};
/* End XCSwiftPackageProductDependency section */
	};
	rootObject = 614AA47A29FA59F20027C980 /* Project object */;
}
