// !$*UTF8*$!
{
	archiveVersion = 1;
	classes = {
	};
	objectVersion = 56;
	objects = {

/* Begin PBXBuildFile section */
		612EA03A29D45B0D003D8311 /* BudgetApp.swift in Sources */ = {isa = PBXBuildFile; fileRef = 612EA03929D45B0D003D8311 /* BudgetApp.swift */; };
		612EA03C29D45B0D003D8311 /* ContentView.swift in Sources */ = {isa = PBXBuildFile; fileRef = 612EA03B29D45B0D003D8311 /* ContentView.swift */; };
		612EA03E29D45B0E003D8311 /* Assets.xcassets in Resources */ = {isa = PBXBuildFile; fileRef = 612EA03D29D45B0E003D8311 /* Assets.xcassets */; };
		612EA04129D45B0E003D8311 /* Preview Assets.xcassets in Resources */ = {isa = PBXBuildFile; fileRef = 612EA04029D45B0E003D8311 /* Preview Assets.xcassets */; };
		612EA04B29D45B0E003D8311 /* BudgetTests.swift in Sources */ = {isa = PBXBuildFile; fileRef = 612EA04A29D45B0E003D8311 /* BudgetTests.swift */; };
		612EA05529D45B0E003D8311 /* BudgetUITests.swift in Sources */ = {isa = PBXBuildFile; fileRef = 612EA05429D45B0E003D8311 /* BudgetUITests.swift */; };
		612EA05729D45B0E003D8311 /* BudgetUITestsLaunchTests.swift in Sources */ = {isa = PBXBuildFile; fileRef = 612EA05629D45B0E003D8311 /* BudgetUITestsLaunchTests.swift */; };
		612EA06429D45E2B003D8311 /* CustomUIColor.swift in Sources */ = {isa = PBXBuildFile; fileRef = 612EA06329D45E2B003D8311 /* CustomUIColor.swift */; };
		612EA06629D46748003D8311 /* Model.swift in Sources */ = {isa = PBXBuildFile; fileRef = 612EA06529D46748003D8311 /* Model.swift */; };
		612EA06829D46998003D8311 /* DataPreview.swift in Sources */ = {isa = PBXBuildFile; fileRef = 612EA06729D46998003D8311 /* DataPreview.swift */; };
		612EA06A29D46B85003D8311 /* Transactions.swift in Sources */ = {isa = PBXBuildFile; fileRef = 612EA06929D46B85003D8311 /* Transactions.swift */; };
		612EA06C29D475C5003D8311 /* CustomDateFormat.swift in Sources */ = {isa = PBXBuildFile; fileRef = 612EA06B29D475C5003D8311 /* CustomDateFormat.swift */; };
		612EA06F29D481F7003D8311 /* SwiftUIFontIcon in Frameworks */ = {isa = PBXBuildFile; productRef = 612EA06E29D481F7003D8311 /* SwiftUIFontIcon */; };
/* End PBXBuildFile section */

/* Begin PBXContainerItemProxy section */
		612EA04729D45B0E003D8311 /* PBXContainerItemProxy */ = {
			isa = PBXContainerItemProxy;
			containerPortal = 612EA02E29D45B0D003D8311 /* Project object */;
			proxyType = 1;
			remoteGlobalIDString = 612EA03529D45B0D003D8311;
			remoteInfo = Budget;
		};
		612EA05129D45B0E003D8311 /* PBXContainerItemProxy */ = {
			isa = PBXContainerItemProxy;
			containerPortal = 612EA02E29D45B0D003D8311 /* Project object */;
			proxyType = 1;
			remoteGlobalIDString = 612EA03529D45B0D003D8311;
			remoteInfo = Budget;
		};
/* End PBXContainerItemProxy section */

/* Begin PBXFileReference section */
		612EA03629D45B0D003D8311 /* Budget.app */ = {isa = PBXFileReference; explicitFileType = wrapper.application; includeInIndex = 0; path = Budget.app; sourceTree = BUILT_PRODUCTS_DIR; };
		612EA03929D45B0D003D8311 /* BudgetApp.swift */ = {isa = PBXFileReference; lastKnownFileType = sourcecode.swift; path = BudgetApp.swift; sourceTree = "<group>"; };
		612EA03B29D45B0D003D8311 /* ContentView.swift */ = {isa = PBXFileReference; lastKnownFileType = sourcecode.swift; path = ContentView.swift; sourceTree = "<group>"; };
		612EA03D29D45B0E003D8311 /* Assets.xcassets */ = {isa = PBXFileReference; lastKnownFileType = folder.assetcatalog; path = Assets.xcassets; sourceTree = "<group>"; };
		612EA04029D45B0E003D8311 /* Preview Assets.xcassets */ = {isa = PBXFileReference; lastKnownFileType = folder.assetcatalog; path = "Preview Assets.xcassets"; sourceTree = "<group>"; };
		612EA04629D45B0E003D8311 /* BudgetTests.xctest */ = {isa = PBXFileReference; explicitFileType = wrapper.cfbundle; includeInIndex = 0; path = BudgetTests.xctest; sourceTree = BUILT_PRODUCTS_DIR; };
		612EA04A29D45B0E003D8311 /* BudgetTests.swift */ = {isa = PBXFileReference; lastKnownFileType = sourcecode.swift; path = BudgetTests.swift; sourceTree = "<group>"; };
		612EA05029D45B0E003D8311 /* BudgetUITests.xctest */ = {isa = PBXFileReference; explicitFileType = wrapper.cfbundle; includeInIndex = 0; path = BudgetUITests.xctest; sourceTree = BUILT_PRODUCTS_DIR; };
		612EA05429D45B0E003D8311 /* BudgetUITests.swift */ = {isa = PBXFileReference; lastKnownFileType = sourcecode.swift; path = BudgetUITests.swift; sourceTree = "<group>"; };
		612EA05629D45B0E003D8311 /* BudgetUITestsLaunchTests.swift */ = {isa = PBXFileReference; lastKnownFileType = sourcecode.swift; path = BudgetUITestsLaunchTests.swift; sourceTree = "<group>"; };
		612EA06329D45E2B003D8311 /* CustomUIColor.swift */ = {isa = PBXFileReference; lastKnownFileType = sourcecode.swift; path = CustomUIColor.swift; sourceTree = "<group>"; };
		612EA06529D46748003D8311 /* Model.swift */ = {isa = PBXFileReference; lastKnownFileType = sourcecode.swift; path = Model.swift; sourceTree = "<group>"; };
		612EA06729D46998003D8311 /* DataPreview.swift */ = {isa = PBXFileReference; lastKnownFileType = sourcecode.swift; path = DataPreview.swift; sourceTree = "<group>"; };
		612EA06929D46B85003D8311 /* Transactions.swift */ = {isa = PBXFileReference; lastKnownFileType = sourcecode.swift; path = Transactions.swift; sourceTree = "<group>"; };
		612EA06B29D475C5003D8311 /* CustomDateFormat.swift */ = {isa = PBXFileReference; lastKnownFileType = sourcecode.swift; path = CustomDateFormat.swift; sourceTree = "<group>"; };
/* End PBXFileReference section */

/* Begin PBXFrameworksBuildPhase section */
		612EA03329D45B0D003D8311 /* Frameworks */ = {
			isa = PBXFrameworksBuildPhase;
			buildActionMask = 2147483647;
			files = (
				612EA06F29D481F7003D8311 /* SwiftUIFontIcon in Frameworks */,
			);
			runOnlyForDeploymentPostprocessing = 0;
		};
		612EA04329D45B0E003D8311 /* Frameworks */ = {
			isa = PBXFrameworksBuildPhase;
			buildActionMask = 2147483647;
			files = (
			);
			runOnlyForDeploymentPostprocessing = 0;
		};
		612EA04D29D45B0E003D8311 /* Frameworks */ = {
			isa = PBXFrameworksBuildPhase;
			buildActionMask = 2147483647;
			files = (
			);
			runOnlyForDeploymentPostprocessing = 0;
		};
/* End PBXFrameworksBuildPhase section */

/* Begin PBXGroup section */
		612EA02D29D45B0D003D8311 = {
			isa = PBXGroup;
			children = (
				612EA03829D45B0D003D8311 /* Budget */,
				612EA04929D45B0E003D8311 /* BudgetTests */,
				612EA05329D45B0E003D8311 /* BudgetUITests */,
				612EA03729D45B0D003D8311 /* Products */,
			);
			sourceTree = "<group>";
		};
		612EA03729D45B0D003D8311 /* Products */ = {
			isa = PBXGroup;
			children = (
				612EA03629D45B0D003D8311 /* Budget.app */,
				612EA04629D45B0E003D8311 /* BudgetTests.xctest */,
				612EA05029D45B0E003D8311 /* BudgetUITests.xctest */,
			);
			name = Products;
			sourceTree = "<group>";
		};
		612EA03829D45B0D003D8311 /* Budget */ = {
			isa = PBXGroup;
			children = (
				612EA06329D45E2B003D8311 /* CustomUIColor.swift */,
				612EA06B29D475C5003D8311 /* CustomDateFormat.swift */,
				612EA03929D45B0D003D8311 /* BudgetApp.swift */,
				612EA03B29D45B0D003D8311 /* ContentView.swift */,
				612EA06929D46B85003D8311 /* Transactions.swift */,
				612EA06529D46748003D8311 /* Model.swift */,
				612EA03D29D45B0E003D8311 /* Assets.xcassets */,
				612EA03F29D45B0E003D8311 /* Preview Content */,
			);
			path = Budget;
			sourceTree = "<group>";
		};
		612EA03F29D45B0E003D8311 /* Preview Content */ = {
			isa = PBXGroup;
			children = (
				612EA04029D45B0E003D8311 /* Preview Assets.xcassets */,
				612EA06729D46998003D8311 /* DataPreview.swift */,
			);
			path = "Preview Content";
			sourceTree = "<group>";
		};
		612EA04929D45B0E003D8311 /* BudgetTests */ = {
			isa = PBXGroup;
			children = (
				612EA04A29D45B0E003D8311 /* BudgetTests.swift */,
			);
			path = BudgetTests;
			sourceTree = "<group>";
		};
		612EA05329D45B0E003D8311 /* BudgetUITests */ = {
			isa = PBXGroup;
			children = (
				612EA05429D45B0E003D8311 /* BudgetUITests.swift */,
				612EA05629D45B0E003D8311 /* BudgetUITestsLaunchTests.swift */,
			);
			path = BudgetUITests;
			sourceTree = "<group>";
		};
/* End PBXGroup section */

/* Begin PBXNativeTarget section */
		612EA03529D45B0D003D8311 /* Budget */ = {
			isa = PBXNativeTarget;
			buildConfigurationList = 612EA05A29D45B0E003D8311 /* Build configuration list for PBXNativeTarget "Budget" */;
			buildPhases = (
				612EA03229D45B0D003D8311 /* Sources */,
				612EA03329D45B0D003D8311 /* Frameworks */,
				612EA03429D45B0D003D8311 /* Resources */,
			);
			buildRules = (
			);
			dependencies = (
			);
			name = Budget;
			packageProductDependencies = (
				612EA06E29D481F7003D8311 /* SwiftUIFontIcon */,
			);
			productName = Budget;
			productReference = 612EA03629D45B0D003D8311 /* Budget.app */;
			productType = "com.apple.product-type.application";
		};
		612EA04529D45B0E003D8311 /* BudgetTests */ = {
			isa = PBXNativeTarget;
			buildConfigurationList = 612EA05D29D45B0E003D8311 /* Build configuration list for PBXNativeTarget "BudgetTests" */;
			buildPhases = (
				612EA04229D45B0E003D8311 /* Sources */,
				612EA04329D45B0E003D8311 /* Frameworks */,
				612EA04429D45B0E003D8311 /* Resources */,
			);
			buildRules = (
			);
			dependencies = (
				612EA04829D45B0E003D8311 /* PBXTargetDependency */,
			);
			name = BudgetTests;
			productName = BudgetTests;
			productReference = 612EA04629D45B0E003D8311 /* BudgetTests.xctest */;
			productType = "com.apple.product-type.bundle.unit-test";
		};
		612EA04F29D45B0E003D8311 /* BudgetUITests */ = {
			isa = PBXNativeTarget;
			buildConfigurationList = 612EA06029D45B0E003D8311 /* Build configuration list for PBXNativeTarget "BudgetUITests" */;
			buildPhases = (
				612EA04C29D45B0E003D8311 /* Sources */,
				612EA04D29D45B0E003D8311 /* Frameworks */,
				612EA04E29D45B0E003D8311 /* Resources */,
			);
			buildRules = (
			);
			dependencies = (
				612EA05229D45B0E003D8311 /* PBXTargetDependency */,
			);
			name = BudgetUITests;
			productName = BudgetUITests;
			productReference = 612EA05029D45B0E003D8311 /* BudgetUITests.xctest */;
			productType = "com.apple.product-type.bundle.ui-testing";
		};
/* End PBXNativeTarget section */

/* Begin PBXProject section */
		612EA02E29D45B0D003D8311 /* Project object */ = {
			isa = PBXProject;
			attributes = {
				BuildIndependentTargetsInParallel = 1;
				LastSwiftUpdateCheck = 1420;
				LastUpgradeCheck = 1420;
				TargetAttributes = {
					612EA03529D45B0D003D8311 = {
						CreatedOnToolsVersion = 14.2;
					};
					612EA04529D45B0E003D8311 = {
						CreatedOnToolsVersion = 14.2;
						TestTargetID = 612EA03529D45B0D003D8311;
					};
					612EA04F29D45B0E003D8311 = {
						CreatedOnToolsVersion = 14.2;
						TestTargetID = 612EA03529D45B0D003D8311;
					};
				};
			};
			buildConfigurationList = 612EA03129D45B0D003D8311 /* Build configuration list for PBXProject "Budget" */;
			compatibilityVersion = "Xcode 14.0";
			developmentRegion = en;
			hasScannedForEncodings = 0;
			knownRegions = (
				en,
				Base,
			);
			mainGroup = 612EA02D29D45B0D003D8311;
			packageReferences = (
				612EA06D29D481F7003D8311 /* XCRemoteSwiftPackageReference "SwiftUIFontIcon" */,
			);
			productRefGroup = 612EA03729D45B0D003D8311 /* Products */;
			projectDirPath = "";
			projectRoot = "";
			targets = (
				612EA03529D45B0D003D8311 /* Budget */,
				612EA04529D45B0E003D8311 /* BudgetTests */,
				612EA04F29D45B0E003D8311 /* BudgetUITests */,
			);
		};
/* End PBXProject section */

/* Begin PBXResourcesBuildPhase section */
		612EA03429D45B0D003D8311 /* Resources */ = {
			isa = PBXResourcesBuildPhase;
			buildActionMask = 2147483647;
			files = (
				612EA04129D45B0E003D8311 /* Preview Assets.xcassets in Resources */,
				612EA03E29D45B0E003D8311 /* Assets.xcassets in Resources */,
			);
			runOnlyForDeploymentPostprocessing = 0;
		};
		612EA04429D45B0E003D8311 /* Resources */ = {
			isa = PBXResourcesBuildPhase;
			buildActionMask = 2147483647;
			files = (
			);
			runOnlyForDeploymentPostprocessing = 0;
		};
		612EA04E29D45B0E003D8311 /* Resources */ = {
			isa = PBXResourcesBuildPhase;
			buildActionMask = 2147483647;
			files = (
			);
			runOnlyForDeploymentPostprocessing = 0;
		};
/* End PBXResourcesBuildPhase section */

/* Begin PBXSourcesBuildPhase section */
		612EA03229D45B0D003D8311 /* Sources */ = {
			isa = PBXSourcesBuildPhase;
			buildActionMask = 2147483647;
			files = (
				612EA06429D45E2B003D8311 /* CustomUIColor.swift in Sources */,
				612EA03C29D45B0D003D8311 /* ContentView.swift in Sources */,
				612EA06C29D475C5003D8311 /* CustomDateFormat.swift in Sources */,
				612EA06A29D46B85003D8311 /* Transactions.swift in Sources */,
				612EA06629D46748003D8311 /* Model.swift in Sources */,
				612EA06829D46998003D8311 /* DataPreview.swift in Sources */,
				612EA03A29D45B0D003D8311 /* BudgetApp.swift in Sources */,
			);
			runOnlyForDeploymentPostprocessing = 0;
		};
		612EA04229D45B0E003D8311 /* Sources */ = {
			isa = PBXSourcesBuildPhase;
			buildActionMask = 2147483647;
			files = (
				612EA04B29D45B0E003D8311 /* BudgetTests.swift in Sources */,
			);
			runOnlyForDeploymentPostprocessing = 0;
		};
		612EA04C29D45B0E003D8311 /* Sources */ = {
			isa = PBXSourcesBuildPhase;
			buildActionMask = 2147483647;
			files = (
				612EA05529D45B0E003D8311 /* BudgetUITests.swift in Sources */,
				612EA05729D45B0E003D8311 /* BudgetUITestsLaunchTests.swift in Sources */,
			);
			runOnlyForDeploymentPostprocessing = 0;
		};
/* End PBXSourcesBuildPhase section */

/* Begin PBXTargetDependency section */
		612EA04829D45B0E003D8311 /* PBXTargetDependency */ = {
			isa = PBXTargetDependency;
			target = 612EA03529D45B0D003D8311 /* Budget */;
			targetProxy = 612EA04729D45B0E003D8311 /* PBXContainerItemProxy */;
		};
		612EA05229D45B0E003D8311 /* PBXTargetDependency */ = {
			isa = PBXTargetDependency;
			target = 612EA03529D45B0D003D8311 /* Budget */;
			targetProxy = 612EA05129D45B0E003D8311 /* PBXContainerItemProxy */;
		};
/* End PBXTargetDependency section */

/* Begin XCBuildConfiguration section */
		612EA05829D45B0E003D8311 /* Debug */ = {
			isa = XCBuildConfiguration;
			buildSettings = {
				ALWAYS_SEARCH_USER_PATHS = NO;
				CLANG_ANALYZER_NONNULL = YES;
				CLANG_ANALYZER_NUMBER_OBJECT_CONVERSION = YES_AGGRESSIVE;
				CLANG_CXX_LANGUAGE_STANDARD = "gnu++20";
				CLANG_ENABLE_MODULES = YES;
				CLANG_ENABLE_OBJC_ARC = YES;
				CLANG_ENABLE_OBJC_WEAK = YES;
				CLANG_WARN_BLOCK_CAPTURE_AUTORELEASING = YES;
				CLANG_WARN_BOOL_CONVERSION = YES;
				CLANG_WARN_COMMA = YES;
				CLANG_WARN_CONSTANT_CONVERSION = YES;
				CLANG_WARN_DEPRECATED_OBJC_IMPLEMENTATIONS = YES;
				CLANG_WARN_DIRECT_OBJC_ISA_USAGE = YES_ERROR;
				CLANG_WARN_DOCUMENTATION_COMMENTS = YES;
				CLANG_WARN_EMPTY_BODY = YES;
				CLANG_WARN_ENUM_CONVERSION = YES;
				CLANG_WARN_INFINITE_RECURSION = YES;
				CLANG_WARN_INT_CONVERSION = YES;
				CLANG_WARN_NON_LITERAL_NULL_CONVERSION = YES;
				CLANG_WARN_OBJC_IMPLICIT_RETAIN_SELF = YES;
				CLANG_WARN_OBJC_LITERAL_CONVERSION = YES;
				CLANG_WARN_OBJC_ROOT_CLASS = YES_ERROR;
				CLANG_WARN_QUOTED_INCLUDE_IN_FRAMEWORK_HEADER = YES;
				CLANG_WARN_RANGE_LOOP_ANALYSIS = YES;
				CLANG_WARN_STRICT_PROTOTYPES = YES;
				CLANG_WARN_SUSPICIOUS_MOVE = YES;
				CLANG_WARN_UNGUARDED_AVAILABILITY = YES_AGGRESSIVE;
				CLANG_WARN_UNREACHABLE_CODE = YES;
				CLANG_WARN__DUPLICATE_METHOD_MATCH = YES;
				COPY_PHASE_STRIP = NO;
				DEBUG_INFORMATION_FORMAT = dwarf;
				ENABLE_STRICT_OBJC_MSGSEND = YES;
				ENABLE_TESTABILITY = YES;
				GCC_C_LANGUAGE_STANDARD = gnu11;
				GCC_DYNAMIC_NO_PIC = NO;
				GCC_NO_COMMON_BLOCKS = YES;
				GCC_OPTIMIZATION_LEVEL = 0;
				GCC_PREPROCESSOR_DEFINITIONS = (
					"DEBUG=1",
					"$(inherited)",
				);
				GCC_WARN_64_TO_32_BIT_CONVERSION = YES;
				GCC_WARN_ABOUT_RETURN_TYPE = YES_ERROR;
				GCC_WARN_UNDECLARED_SELECTOR = YES;
				GCC_WARN_UNINITIALIZED_AUTOS = YES_AGGRESSIVE;
				GCC_WARN_UNUSED_FUNCTION = YES;
				GCC_WARN_UNUSED_VARIABLE = YES;
				IPHONEOS_DEPLOYMENT_TARGET = 16.2;
				MTL_ENABLE_DEBUG_INFO = INCLUDE_SOURCE;
				MTL_FAST_MATH = YES;
				ONLY_ACTIVE_ARCH = YES;
				SDKROOT = iphoneos;
				SWIFT_ACTIVE_COMPILATION_CONDITIONS = DEBUG;
				SWIFT_OPTIMIZATION_LEVEL = "-Onone";
			};
			name = Debug;
		};
		612EA05929D45B0E003D8311 /* Release */ = {
			isa = XCBuildConfiguration;
			buildSettings = {
				ALWAYS_SEARCH_USER_PATHS = NO;
				CLANG_ANALYZER_NONNULL = YES;
				CLANG_ANALYZER_NUMBER_OBJECT_CONVERSION = YES_AGGRESSIVE;
				CLANG_CXX_LANGUAGE_STANDARD = "gnu++20";
				CLANG_ENABLE_MODULES = YES;
				CLANG_ENABLE_OBJC_ARC = YES;
				CLANG_ENABLE_OBJC_WEAK = YES;
				CLANG_WARN_BLOCK_CAPTURE_AUTORELEASING = YES;
				CLANG_WARN_BOOL_CONVERSION = YES;
				CLANG_WARN_COMMA = YES;
				CLANG_WARN_CONSTANT_CONVERSION = YES;
				CLANG_WARN_DEPRECATED_OBJC_IMPLEMENTATIONS = YES;
				CLANG_WARN_DIRECT_OBJC_ISA_USAGE = YES_ERROR;
				CLANG_WARN_DOCUMENTATION_COMMENTS = YES;
				CLANG_WARN_EMPTY_BODY = YES;
				CLANG_WARN_ENUM_CONVERSION = YES;
				CLANG_WARN_INFINITE_RECURSION = YES;
				CLANG_WARN_INT_CONVERSION = YES;
				CLANG_WARN_NON_LITERAL_NULL_CONVERSION = YES;
				CLANG_WARN_OBJC_IMPLICIT_RETAIN_SELF = YES;
				CLANG_WARN_OBJC_LITERAL_CONVERSION = YES;
				CLANG_WARN_OBJC_ROOT_CLASS = YES_ERROR;
				CLANG_WARN_QUOTED_INCLUDE_IN_FRAMEWORK_HEADER = YES;
				CLANG_WARN_RANGE_LOOP_ANALYSIS = YES;
				CLANG_WARN_STRICT_PROTOTYPES = YES;
				CLANG_WARN_SUSPICIOUS_MOVE = YES;
				CLANG_WARN_UNGUARDED_AVAILABILITY = YES_AGGRESSIVE;
				CLANG_WARN_UNREACHABLE_CODE = YES;
				CLANG_WARN__DUPLICATE_METHOD_MATCH = YES;
				COPY_PHASE_STRIP = NO;
				DEBUG_INFORMATION_FORMAT = "dwarf-with-dsym";
				ENABLE_NS_ASSERTIONS = NO;
				ENABLE_STRICT_OBJC_MSGSEND = YES;
				GCC_C_LANGUAGE_STANDARD = gnu11;
				GCC_NO_COMMON_BLOCKS = YES;
				GCC_WARN_64_TO_32_BIT_CONVERSION = YES;
				GCC_WARN_ABOUT_RETURN_TYPE = YES_ERROR;
				GCC_WARN_UNDECLARED_SELECTOR = YES;
				GCC_WARN_UNINITIALIZED_AUTOS = YES_AGGRESSIVE;
				GCC_WARN_UNUSED_FUNCTION = YES;
				GCC_WARN_UNUSED_VARIABLE = YES;
				IPHONEOS_DEPLOYMENT_TARGET = 16.2;
				MTL_ENABLE_DEBUG_INFO = NO;
				MTL_FAST_MATH = YES;
				SDKROOT = iphoneos;
				SWIFT_COMPILATION_MODE = wholemodule;
				SWIFT_OPTIMIZATION_LEVEL = "-O";
				VALIDATE_PRODUCT = YES;
			};
			name = Release;
		};
		612EA05B29D45B0E003D8311 /* Debug */ = {
			isa = XCBuildConfiguration;
			buildSettings = {
				ASSETCATALOG_COMPILER_APPICON_NAME = AppIcon;
				ASSETCATALOG_COMPILER_GLOBAL_ACCENT_COLOR_NAME = AccentColor;
				CODE_SIGN_STYLE = Automatic;
				CURRENT_PROJECT_VERSION = 1;
				DEVELOPMENT_ASSET_PATHS = "\"Budget/Preview Content\"";
				DEVELOPMENT_TEAM = QRUG8NKNY2;
				ENABLE_PREVIEWS = YES;
				GENERATE_INFOPLIST_FILE = YES;
				INFOPLIST_KEY_UIApplicationSceneManifest_Generation = YES;
				INFOPLIST_KEY_UIApplicationSupportsIndirectInputEvents = YES;
				INFOPLIST_KEY_UILaunchScreen_Generation = YES;
				INFOPLIST_KEY_UISupportedInterfaceOrientations_iPad = "UIInterfaceOrientationPortrait UIInterfaceOrientationPortraitUpsideDown UIInterfaceOrientationLandscapeLeft UIInterfaceOrientationLandscapeRight";
				INFOPLIST_KEY_UISupportedInterfaceOrientations_iPhone = "UIInterfaceOrientationPortrait UIInterfaceOrientationLandscapeLeft UIInterfaceOrientationLandscapeRight";
				LD_RUNPATH_SEARCH_PATHS = (
					"$(inherited)",
					"@executable_path/Frameworks",
				);
				MARKETING_VERSION = 1.0;
				PRODUCT_BUNDLE_IDENTIFIER = jvald036.Budget;
				PRODUCT_NAME = "$(TARGET_NAME)";
				SWIFT_EMIT_LOC_STRINGS = YES;
				SWIFT_VERSION = 5.0;
				TARGETED_DEVICE_FAMILY = "1,2";
			};
			name = Debug;
		};
		612EA05C29D45B0E003D8311 /* Release */ = {
			isa = XCBuildConfiguration;
			buildSettings = {
				ASSETCATALOG_COMPILER_APPICON_NAME = AppIcon;
				ASSETCATALOG_COMPILER_GLOBAL_ACCENT_COLOR_NAME = AccentColor;
				CODE_SIGN_STYLE = Automatic;
				CURRENT_PROJECT_VERSION = 1;
				DEVELOPMENT_ASSET_PATHS = "\"Budget/Preview Content\"";
				DEVELOPMENT_TEAM = QRUG8NKNY2;
				ENABLE_PREVIEWS = YES;
				GENERATE_INFOPLIST_FILE = YES;
				INFOPLIST_KEY_UIApplicationSceneManifest_Generation = YES;
				INFOPLIST_KEY_UIApplicationSupportsIndirectInputEvents = YES;
				INFOPLIST_KEY_UILaunchScreen_Generation = YES;
				INFOPLIST_KEY_UISupportedInterfaceOrientations_iPad = "UIInterfaceOrientationPortrait UIInterfaceOrientationPortraitUpsideDown UIInterfaceOrientationLandscapeLeft UIInterfaceOrientationLandscapeRight";
				INFOPLIST_KEY_UISupportedInterfaceOrientations_iPhone = "UIInterfaceOrientationPortrait UIInterfaceOrientationLandscapeLeft UIInterfaceOrientationLandscapeRight";
				LD_RUNPATH_SEARCH_PATHS = (
					"$(inherited)",
					"@executable_path/Frameworks",
				);
				MARKETING_VERSION = 1.0;
				PRODUCT_BUNDLE_IDENTIFIER = jvald036.Budget;
				PRODUCT_NAME = "$(TARGET_NAME)";
				SWIFT_EMIT_LOC_STRINGS = YES;
				SWIFT_VERSION = 5.0;
				TARGETED_DEVICE_FAMILY = "1,2";
			};
			name = Release;
		};
		612EA05E29D45B0E003D8311 /* Debug */ = {
			isa = XCBuildConfiguration;
			buildSettings = {
				ALWAYS_EMBED_SWIFT_STANDARD_LIBRARIES = YES;
				BUNDLE_LOADER = "$(TEST_HOST)";
				CODE_SIGN_STYLE = Automatic;
				CURRENT_PROJECT_VERSION = 1;
				DEVELOPMENT_TEAM = QRUG8NKNY2;
				GENERATE_INFOPLIST_FILE = YES;
				IPHONEOS_DEPLOYMENT_TARGET = 16.2;
				MARKETING_VERSION = 1.0;
				PRODUCT_BUNDLE_IDENTIFIER = jvald036.BudgetTests;
				PRODUCT_NAME = "$(TARGET_NAME)";
				SWIFT_EMIT_LOC_STRINGS = NO;
				SWIFT_VERSION = 5.0;
				TARGETED_DEVICE_FAMILY = "1,2";
				TEST_HOST = "$(BUILT_PRODUCTS_DIR)/Budget.app/$(BUNDLE_EXECUTABLE_FOLDER_PATH)/Budget";
			};
			name = Debug;
		};
		612EA05F29D45B0E003D8311 /* Release */ = {
			isa = XCBuildConfiguration;
			buildSettings = {
				ALWAYS_EMBED_SWIFT_STANDARD_LIBRARIES = YES;
				BUNDLE_LOADER = "$(TEST_HOST)";
				CODE_SIGN_STYLE = Automatic;
				CURRENT_PROJECT_VERSION = 1;
				DEVELOPMENT_TEAM = QRUG8NKNY2;
				GENERATE_INFOPLIST_FILE = YES;
				IPHONEOS_DEPLOYMENT_TARGET = 16.2;
				MARKETING_VERSION = 1.0;
				PRODUCT_BUNDLE_IDENTIFIER = jvald036.BudgetTests;
				PRODUCT_NAME = "$(TARGET_NAME)";
				SWIFT_EMIT_LOC_STRINGS = NO;
				SWIFT_VERSION = 5.0;
				TARGETED_DEVICE_FAMILY = "1,2";
				TEST_HOST = "$(BUILT_PRODUCTS_DIR)/Budget.app/$(BUNDLE_EXECUTABLE_FOLDER_PATH)/Budget";
			};
			name = Release;
		};
		612EA06129D45B0E003D8311 /* Debug */ = {
			isa = XCBuildConfiguration;
			buildSettings = {
				ALWAYS_EMBED_SWIFT_STANDARD_LIBRARIES = YES;
				CODE_SIGN_STYLE = Automatic;
				CURRENT_PROJECT_VERSION = 1;
				DEVELOPMENT_TEAM = QRUG8NKNY2;
				GENERATE_INFOPLIST_FILE = YES;
				MARKETING_VERSION = 1.0;
				PRODUCT_BUNDLE_IDENTIFIER = jvald036.BudgetUITests;
				PRODUCT_NAME = "$(TARGET_NAME)";
				SWIFT_EMIT_LOC_STRINGS = NO;
				SWIFT_VERSION = 5.0;
				TARGETED_DEVICE_FAMILY = "1,2";
				TEST_TARGET_NAME = Budget;
			};
			name = Debug;
		};
		612EA06229D45B0E003D8311 /* Release */ = {
			isa = XCBuildConfiguration;
			buildSettings = {
				ALWAYS_EMBED_SWIFT_STANDARD_LIBRARIES = YES;
				CODE_SIGN_STYLE = Automatic;
				CURRENT_PROJECT_VERSION = 1;
				DEVELOPMENT_TEAM = QRUG8NKNY2;
				GENERATE_INFOPLIST_FILE = YES;
				MARKETING_VERSION = 1.0;
				PRODUCT_BUNDLE_IDENTIFIER = jvald036.BudgetUITests;
				PRODUCT_NAME = "$(TARGET_NAME)";
				SWIFT_EMIT_LOC_STRINGS = NO;
				SWIFT_VERSION = 5.0;
				TARGETED_DEVICE_FAMILY = "1,2";
				TEST_TARGET_NAME = Budget;
			};
			name = Release;
		};
/* End XCBuildConfiguration section */

/* Begin XCConfigurationList section */
		612EA03129D45B0D003D8311 /* Build configuration list for PBXProject "Budget" */ = {
			isa = XCConfigurationList;
			buildConfigurations = (
				612EA05829D45B0E003D8311 /* Debug */,
				612EA05929D45B0E003D8311 /* Release */,
			);
			defaultConfigurationIsVisible = 0;
			defaultConfigurationName = Release;
		};
		612EA05A29D45B0E003D8311 /* Build configuration list for PBXNativeTarget "Budget" */ = {
			isa = XCConfigurationList;
			buildConfigurations = (
				612EA05B29D45B0E003D8311 /* Debug */,
				612EA05C29D45B0E003D8311 /* Release */,
			);
			defaultConfigurationIsVisible = 0;
			defaultConfigurationName = Release;
		};
		612EA05D29D45B0E003D8311 /* Build configuration list for PBXNativeTarget "BudgetTests" */ = {
			isa = XCConfigurationList;
			buildConfigurations = (
				612EA05E29D45B0E003D8311 /* Debug */,
				612EA05F29D45B0E003D8311 /* Release */,
			);
			defaultConfigurationIsVisible = 0;
			defaultConfigurationName = Release;
		};
		612EA06029D45B0E003D8311 /* Build configuration list for PBXNativeTarget "BudgetUITests" */ = {
			isa = XCConfigurationList;
			buildConfigurations = (
				612EA06129D45B0E003D8311 /* Debug */,
				612EA06229D45B0E003D8311 /* Release */,
			);
			defaultConfigurationIsVisible = 0;
			defaultConfigurationName = Release;
		};
/* End XCConfigurationList section */

/* Begin XCRemoteSwiftPackageReference section */
		612EA06D29D481F7003D8311 /* XCRemoteSwiftPackageReference "SwiftUIFontIcon" */ = {
			isa = XCRemoteSwiftPackageReference;
			repositoryURL = "https://github.com/huybuidac/SwiftUIFontIcon";
			requirement = {
				branch = master;
				kind = branch;
			};
		};
/* End XCRemoteSwiftPackageReference section */

/* Begin XCSwiftPackageProductDependency section */
		612EA06E29D481F7003D8311 /* SwiftUIFontIcon */ = {
			isa = XCSwiftPackageProductDependency;
			package = 612EA06D29D481F7003D8311 /* XCRemoteSwiftPackageReference "SwiftUIFontIcon" */;
			productName = SwiftUIFontIcon;
		};
/* End XCSwiftPackageProductDependency section */
	};
	rootObject = 612EA02E29D45B0D003D8311 /* Project object */;
}
